
Microsoft Visual Studio Solution File, Format Version 12.00
# Visual Studio 15
VisualStudioVersion = 15.0.28307.1401
MinimumVisualStudioVersion = 10.0.40219.1
Project("{9A19103F-16F7-4668-BE54-9A1E7A4F7556}") = "KataBankAccount", "KataBankAccount\KataBankAccount.csproj", "{9526A65C-EBB3-4982-8E75-58AD726ED028}"
EndProject
Project("{9A19103F-16F7-4668-BE54-9A1E7A4F7556}") = "KataBankAccount.XUnit", "KataBankAccount.XUnit\KataBankAccount.XUnit.csproj", "{14BD59D6-0A1F-47B6-935F-BBA19844CABD}"
EndProject
Global
	GlobalSection(SolutionConfigurationPlatforms) = preSolution
		Debug|Any CPU = Debug|Any CPU
		Release|Any CPU = Release|Any CPU
	EndGlobalSection
	GlobalSection(ProjectConfigurationPlatforms) = postSolution
		{9526A65C-EBB3-4982-8E75-58AD726ED028}.Debug|Any CPU.ActiveCfg = Debug|Any CPU
		{9526A65C-EBB3-4982-8E75-58AD726ED028}.Debug|Any CPU.Build.0 = Debug|Any CPU
		{9526A65C-EBB3-4982-8E75-58AD726ED028}.Release|Any CPU.ActiveCfg = Release|Any CPU
		{9526A65C-EBB3-4982-8E75-58AD726ED028}.Release|Any CPU.Build.0 = Release|Any CPU
		{14BD59D6-0A1F-47B6-935F-BBA19844CABD}.Debug|Any CPU.ActiveCfg = Debug|Any CPU
		{14BD59D6-0A1F-47B6-935F-BBA19844CABD}.Debug|Any CPU.Build.0 = Debug|Any CPU
		{14BD59D6-0A1F-47B6-935F-BBA19844CABD}.Release|Any CPU.ActiveCfg = Release|Any CPU
		{14BD59D6-0A1F-47B6-935F-BBA19844CABD}.Release|Any CPU.Build.0 = Release|Any CPU
	EndGlobalSection
	GlobalSection(SolutionProperties) = preSolution
		HideSolutionNode = FALSE
	EndGlobalSection
	GlobalSection(ExtensibilityGlobals) = postSolution
		SolutionGuid = {2C17613D-9298-48E9-AAB5-544FC301363D}
	EndGlobalSection
EndGlobal
